// !$*UTF8*$!
{
	archiveVersion = 1;
	classes = {
	};
	objectVersion = 56;
	objects = {

/* Begin PBXBuildFile section */
		4FE5A2362B9116FB00469D66 /* AppDelegate.swift in Sources */ = {isa = PBXBuildFile; fileRef = 4FE5A2352B9116FB00469D66 /* AppDelegate.swift */; };
		4FE5A2382B9116FB00469D66 /* SceneDelegate.swift in Sources */ = {isa = PBXBuildFile; fileRef = 4FE5A2372B9116FB00469D66 /* SceneDelegate.swift */; };
		4FE5A23A2B9116FB00469D66 /* ViewController.swift in Sources */ = {isa = PBXBuildFile; fileRef = 4FE5A2392B9116FB00469D66 /* ViewController.swift */; };
		4FE5A23D2B9116FC00469D66 /* Main.storyboard in Resources */ = {isa = PBXBuildFile; fileRef = 4FE5A23B2B9116FC00469D66 /* Main.storyboard */; };
		4FE5A23F2B9116FD00469D66 /* Assets.xcassets in Resources */ = {isa = PBXBuildFile; fileRef = 4FE5A23E2B9116FD00469D66 /* Assets.xcassets */; };
		4FE5A2422B9116FD00469D66 /* LaunchScreen.storyboard in Resources */ = {isa = PBXBuildFile; fileRef = 4FE5A2402B9116FD00469D66 /* LaunchScreen.storyboard */; };
		4FE5A24D2B9116FD00469D66 /* QuandooTaskTests.swift in Sources */ = {isa = PBXBuildFile; fileRef = 4FE5A24C2B9116FD00469D66 /* QuandooTaskTests.swift */; };
		4FE5A2572B9116FD00469D66 /* QuandooTaskUITests.swift in Sources */ = {isa = PBXBuildFile; fileRef = 4FE5A2562B9116FD00469D66 /* QuandooTaskUITests.swift */; };
		4FE5A2592B9116FD00469D66 /* QuandooTaskUITestsLaunchTests.swift in Sources */ = {isa = PBXBuildFile; fileRef = 4FE5A2582B9116FD00469D66 /* QuandooTaskUITestsLaunchTests.swift */; };
/* End PBXBuildFile section */

/* Begin PBXContainerItemProxy section */
		4FE5A2492B9116FD00469D66 /* PBXContainerItemProxy */ = {
			isa = PBXContainerItemProxy;
			containerPortal = 4FE5A22A2B9116FB00469D66 /* Project object */;
			proxyType = 1;
			remoteGlobalIDString = 4FE5A2312B9116FB00469D66;
			remoteInfo = QuandooTask;
		};
		4FE5A2532B9116FD00469D66 /* PBXContainerItemProxy */ = {
			isa = PBXContainerItemProxy;
			containerPortal = 4FE5A22A2B9116FB00469D66 /* Project object */;
			proxyType = 1;
			remoteGlobalIDString = 4FE5A2312B9116FB00469D66;
			remoteInfo = QuandooTask;
		};
/* End PBXContainerItemProxy section */

/* Begin PBXFileReference section */
		4FE5A2322B9116FB00469D66 /* QuandooTask.app */ = {isa = PBXFileReference; explicitFileType = wrapper.application; includeInIndex = 0; path = QuandooTask.app; sourceTree = BUILT_PRODUCTS_DIR; };
		4FE5A2352B9116FB00469D66 /* AppDelegate.swift */ = {isa = PBXFileReference; lastKnownFileType = sourcecode.swift; path = AppDelegate.swift; sourceTree = "<group>"; };
		4FE5A2372B9116FB00469D66 /* SceneDelegate.swift */ = {isa = PBXFileReference; lastKnownFileType = sourcecode.swift; path = SceneDelegate.swift; sourceTree = "<group>"; };
		4FE5A2392B9116FB00469D66 /* ViewController.swift */ = {isa = PBXFileReference; lastKnownFileType = sourcecode.swift; path = ViewController.swift; sourceTree = "<group>"; };
		4FE5A23C2B9116FC00469D66 /* Base */ = {isa = PBXFileReference; lastKnownFileType = file.storyboard; name = Base; path = Base.lproj/Main.storyboard; sourceTree = "<group>"; };
		4FE5A23E2B9116FD00469D66 /* Assets.xcassets */ = {isa = PBXFileReference; lastKnownFileType = folder.assetcatalog; path = Assets.xcassets; sourceTree = "<group>"; };
		4FE5A2412B9116FD00469D66 /* Base */ = {isa = PBXFileReference; lastKnownFileType = file.storyboard; name = Base; path = Base.lproj/LaunchScreen.storyboard; sourceTree = "<group>"; };
		4FE5A2432B9116FD00469D66 /* Info.plist */ = {isa = PBXFileReference; lastKnownFileType = text.plist.xml; path = Info.plist; sourceTree = "<group>"; };
		4FE5A2482B9116FD00469D66 /* QuandooTaskTests.xctest */ = {isa = PBXFileReference; explicitFileType = wrapper.cfbundle; includeInIndex = 0; path = QuandooTaskTests.xctest; sourceTree = BUILT_PRODUCTS_DIR; };
		4FE5A24C2B9116FD00469D66 /* QuandooTaskTests.swift */ = {isa = PBXFileReference; lastKnownFileType = sourcecode.swift; path = QuandooTaskTests.swift; sourceTree = "<group>"; };
		4FE5A2522B9116FD00469D66 /* QuandooTaskUITests.xctest */ = {isa = PBXFileReference; explicitFileType = wrapper.cfbundle; includeInIndex = 0; path = QuandooTaskUITests.xctest; sourceTree = BUILT_PRODUCTS_DIR; };
		4FE5A2562B9116FD00469D66 /* QuandooTaskUITests.swift */ = {isa = PBXFileReference; lastKnownFileType = sourcecode.swift; path = QuandooTaskUITests.swift; sourceTree = "<group>"; };
		4FE5A2582B9116FD00469D66 /* QuandooTaskUITestsLaunchTests.swift */ = {isa = PBXFileReference; lastKnownFileType = sourcecode.swift; path = QuandooTaskUITestsLaunchTests.swift; sourceTree = "<group>"; };
/* End PBXFileReference section */

/* Begin PBXFrameworksBuildPhase section */
		4FE5A22F2B9116FB00469D66 /* Frameworks */ = {
			isa = PBXFrameworksBuildPhase;
			buildActionMask = 2147483647;
			files = (
			);
			runOnlyForDeploymentPostprocessing = 0;
		};
		4FE5A2452B9116FD00469D66 /* Frameworks */ = {
			isa = PBXFrameworksBuildPhase;
			buildActionMask = 2147483647;
			files = (
			);
			runOnlyForDeploymentPostprocessing = 0;
		};
		4FE5A24F2B9116FD00469D66 /* Frameworks */ = {
			isa = PBXFrameworksBuildPhase;
			buildActionMask = 2147483647;
			files = (
			);
			runOnlyForDeploymentPostprocessing = 0;
		};
/* End PBXFrameworksBuildPhase section */

/* Begin PBXGroup section */
		4FE5A2292B9116FB00469D66 = {
			isa = PBXGroup;
			children = (
				4FE5A2342B9116FB00469D66 /* QuandooTask */,
				4FE5A24B2B9116FD00469D66 /* QuandooTaskTests */,
				4FE5A2552B9116FD00469D66 /* QuandooTaskUITests */,
				4FE5A2332B9116FB00469D66 /* Products */,
			);
			sourceTree = "<group>";
		};
		4FE5A2332B9116FB00469D66 /* Products */ = {
			isa = PBXGroup;
			children = (
				4FE5A2322B9116FB00469D66 /* QuandooTask.app */,
				4FE5A2482B9116FD00469D66 /* QuandooTaskTests.xctest */,
				4FE5A2522B9116FD00469D66 /* QuandooTaskUITests.xctest */,
			);
			name = Products;
			sourceTree = "<group>";
		};
		4FE5A2342B9116FB00469D66 /* QuandooTask */ = {
			isa = PBXGroup;
			children = (
				4FE5A2352B9116FB00469D66 /* AppDelegate.swift */,
				4FE5A2372B9116FB00469D66 /* SceneDelegate.swift */,
				4FE5A2392B9116FB00469D66 /* ViewController.swift */,
				4FE5A23B2B9116FC00469D66 /* Main.storyboard */,
				4FE5A23E2B9116FD00469D66 /* Assets.xcassets */,
				4FE5A2402B9116FD00469D66 /* LaunchScreen.storyboard */,
				4FE5A2432B9116FD00469D66 /* Info.plist */,
			);
			path = QuandooTask;
			sourceTree = "<group>";
		};
		4FE5A24B2B9116FD00469D66 /* QuandooTaskTests */ = {
			isa = PBXGroup;
			children = (
				4FE5A24C2B9116FD00469D66 /* QuandooTaskTests.swift */,
			);
			path = QuandooTaskTests;
			sourceTree = "<group>";
		};
		4FE5A2552B9116FD00469D66 /* QuandooTaskUITests */ = {
			isa = PBXGroup;
			children = (
				4FE5A2562B9116FD00469D66 /* QuandooTaskUITests.swift */,
				4FE5A2582B9116FD00469D66 /* QuandooTaskUITestsLaunchTests.swift */,
			);
			path = QuandooTaskUITests;
			sourceTree = "<group>";
		};
/* End PBXGroup section */

/* Begin PBXNativeTarget section */
		4FE5A2312B9116FB00469D66 /* QuandooTask */ = {
			isa = PBXNativeTarget;
			buildConfigurationList = 4FE5A25C2B9116FD00469D66 /* Build configuration list for PBXNativeTarget "QuandooTask" */;
			buildPhases = (
				4FE5A22E2B9116FB00469D66 /* Sources */,
				4FE5A22F2B9116FB00469D66 /* Frameworks */,
				4FE5A2302B9116FB00469D66 /* Resources */,
			);
			buildRules = (
			);
			dependencies = (
			);
			name = QuandooTask;
			productName = QuandooTask;
			productReference = 4FE5A2322B9116FB00469D66 /* QuandooTask.app */;
			productType = "com.apple.product-type.application";
		};
		4FE5A2472B9116FD00469D66 /* QuandooTaskTests */ = {
			isa = PBXNativeTarget;
			buildConfigurationList = 4FE5A25F2B9116FD00469D66 /* Build configuration list for PBXNativeTarget "QuandooTaskTests" */;
			buildPhases = (
				4FE5A2442B9116FD00469D66 /* Sources */,
				4FE5A2452B9116FD00469D66 /* Frameworks */,
				4FE5A2462B9116FD00469D66 /* Resources */,
			);
			buildRules = (
			);
			dependencies = (
				4FE5A24A2B9116FD00469D66 /* PBXTargetDependency */,
			);
			name = QuandooTaskTests;
			productName = QuandooTaskTests;
			productReference = 4FE5A2482B9116FD00469D66 /* QuandooTaskTests.xctest */;
			productType = "com.apple.product-type.bundle.unit-test";
		};
		4FE5A2512B9116FD00469D66 /* QuandooTaskUITests */ = {
			isa = PBXNativeTarget;
			buildConfigurationList = 4FE5A2622B9116FD00469D66 /* Build configuration list for PBXNativeTarget "QuandooTaskUITests" */;
			buildPhases = (
				4FE5A24E2B9116FD00469D66 /* Sources */,
				4FE5A24F2B9116FD00469D66 /* Frameworks */,
				4FE5A2502B9116FD00469D66 /* Resources */,
			);
			buildRules = (
			);
			dependencies = (
				4FE5A2542B9116FD00469D66 /* PBXTargetDependency */,
			);
			name = QuandooTaskUITests;
			productName = QuandooTaskUITests;
			productReference = 4FE5A2522B9116FD00469D66 /* QuandooTaskUITests.xctest */;
			productType = "com.apple.product-type.bundle.ui-testing";
		};
/* End PBXNativeTarget section */

/* Begin PBXProject section */
		4FE5A22A2B9116FB00469D66 /* Project object */ = {
			isa = PBXProject;
			attributes = {
				BuildIndependentTargetsInParallel = 1;
				LastSwiftUpdateCheck = 1500;
				LastUpgradeCheck = 1500;
				TargetAttributes = {
					4FE5A2312B9116FB00469D66 = {
						CreatedOnToolsVersion = 15.0.1;
					};
					4FE5A2472B9116FD00469D66 = {
						CreatedOnToolsVersion = 15.0.1;
						TestTargetID = 4FE5A2312B9116FB00469D66;
					};
					4FE5A2512B9116FD00469D66 = {
						CreatedOnToolsVersion = 15.0.1;
						TestTargetID = 4FE5A2312B9116FB00469D66;
					};
				};
			};
			buildConfigurationList = 4FE5A22D2B9116FB00469D66 /* Build configuration list for PBXProject "QuandooTask" */;
			compatibilityVersion = "Xcode 14.0";
			developmentRegion = en;
			hasScannedForEncodings = 0;
			knownRegions = (
				en,
				Base,
			);
			mainGroup = 4FE5A2292B9116FB00469D66;
			productRefGroup = 4FE5A2332B9116FB00469D66 /* Products */;
			projectDirPath = "";
			projectRoot = "";
			targets = (
				4FE5A2312B9116FB00469D66 /* QuandooTask */,
				4FE5A2472B9116FD00469D66 /* QuandooTaskTests */,
				4FE5A2512B9116FD00469D66 /* QuandooTaskUITests */,
			);
		};
/* End PBXProject section */

/* Begin PBXResourcesBuildPhase section */
		4FE5A2302B9116FB00469D66 /* Resources */ = {
			isa = PBXResourcesBuildPhase;
			buildActionMask = 2147483647;
			files = (
				4FE5A2422B9116FD00469D66 /* LaunchScreen.storyboard in Resources */,
				4FE5A23F2B9116FD00469D66 /* Assets.xcassets in Resources */,
				4FE5A23D2B9116FC00469D66 /* Main.storyboard in Resources */,
			);
			runOnlyForDeploymentPostprocessing = 0;
		};
		4FE5A2462B9116FD00469D66 /* Resources */ = {
			isa = PBXResourcesBuildPhase;
			buildActionMask = 2147483647;
			files = (
			);
			runOnlyForDeploymentPostprocessing = 0;
		};
		4FE5A2502B9116FD00469D66 /* Resources */ = {
			isa = PBXResourcesBuildPhase;
			buildActionMask = 2147483647;
			files = (
			);
			runOnlyForDeploymentPostprocessing = 0;
		};
/* End PBXResourcesBuildPhase section */

/* Begin PBXSourcesBuildPhase section */
		4FE5A22E2B9116FB00469D66 /* Sources */ = {
			isa = PBXSourcesBuildPhase;
			buildActionMask = 2147483647;
			files = (
				4FE5A23A2B9116FB00469D66 /* ViewController.swift in Sources */,
				4FE5A2362B9116FB00469D66 /* AppDelegate.swift in Sources */,
				4FE5A2382B9116FB00469D66 /* SceneDelegate.swift in Sources */,
			);
			runOnlyForDeploymentPostprocessing = 0;
		};
		4FE5A2442B9116FD00469D66 /* Sources */ = {
			isa = PBXSourcesBuildPhase;
			buildActionMask = 2147483647;
			files = (
				4FE5A24D2B9116FD00469D66 /* QuandooTaskTests.swift in Sources */,
			);
			runOnlyForDeploymentPostprocessing = 0;
		};
		4FE5A24E2B9116FD00469D66 /* Sources */ = {
			isa = PBXSourcesBuildPhase;
			buildActionMask = 2147483647;
			files = (
				4FE5A2572B9116FD00469D66 /* QuandooTaskUITests.swift in Sources */,
				4FE5A2592B9116FD00469D66 /* QuandooTaskUITestsLaunchTests.swift in Sources */,
			);
			runOnlyForDeploymentPostprocessing = 0;
		};
/* End PBXSourcesBuildPhase section */

/* Begin PBXTargetDependency section */
		4FE5A24A2B9116FD00469D66 /* PBXTargetDependency */ = {
			isa = PBXTargetDependency;
			target = 4FE5A2312B9116FB00469D66 /* QuandooTask */;
			targetProxy = 4FE5A2492B9116FD00469D66 /* PBXContainerItemProxy */;
		};
		4FE5A2542B9116FD00469D66 /* PBXTargetDependency */ = {
			isa = PBXTargetDependency;
			target = 4FE5A2312B9116FB00469D66 /* QuandooTask */;
			targetProxy = 4FE5A2532B9116FD00469D66 /* PBXContainerItemProxy */;
		};
/* End PBXTargetDependency section */

/* Begin PBXVariantGroup section */
		4FE5A23B2B9116FC00469D66 /* Main.storyboard */ = {
			isa = PBXVariantGroup;
			children = (
				4FE5A23C2B9116FC00469D66 /* Base */,
			);
			name = Main.storyboard;
			sourceTree = "<group>";
		};
		4FE5A2402B9116FD00469D66 /* LaunchScreen.storyboard */ = {
			isa = PBXVariantGroup;
			children = (
				4FE5A2412B9116FD00469D66 /* Base */,
			);
			name = LaunchScreen.storyboard;
			sourceTree = "<group>";
		};
/* End PBXVariantGroup section */

/* Begin XCBuildConfiguration section */
		4FE5A25A2B9116FD00469D66 /* Debug */ = {
			isa = XCBuildConfiguration;
			buildSettings = {
				ALWAYS_SEARCH_USER_PATHS = NO;
				ASSETCATALOG_COMPILER_GENERATE_SWIFT_ASSET_SYMBOL_EXTENSIONS = YES;
				CLANG_ANALYZER_NONNULL = YES;
				CLANG_ANALYZER_NUMBER_OBJECT_CONVERSION = YES_AGGRESSIVE;
				CLANG_CXX_LANGUAGE_STANDARD = "gnu++20";
				CLANG_ENABLE_MODULES = YES;
				CLANG_ENABLE_OBJC_ARC = YES;
				CLANG_ENABLE_OBJC_WEAK = YES;
				CLANG_WARN_BLOCK_CAPTURE_AUTORELEASING = YES;
				CLANG_WARN_BOOL_CONVERSION = YES;
				CLANG_WARN_COMMA = YES;
				CLANG_WARN_CONSTANT_CONVERSION = YES;
				CLANG_WARN_DEPRECATED_OBJC_IMPLEMENTATIONS = YES;
				CLANG_WARN_DIRECT_OBJC_ISA_USAGE = YES_ERROR;
				CLANG_WARN_DOCUMENTATION_COMMENTS = YES;
				CLANG_WARN_EMPTY_BODY = YES;
				CLANG_WARN_ENUM_CONVERSION = YES;
				CLANG_WARN_INFINITE_RECURSION = YES;
				CLANG_WARN_INT_CONVERSION = YES;
				CLANG_WARN_NON_LITERAL_NULL_CONVERSION = YES;
				CLANG_WARN_OBJC_IMPLICIT_RETAIN_SELF = YES;
				CLANG_WARN_OBJC_LITERAL_CONVERSION = YES;
				CLANG_WARN_OBJC_ROOT_CLASS = YES_ERROR;
				CLANG_WARN_QUOTED_INCLUDE_IN_FRAMEWORK_HEADER = YES;
				CLANG_WARN_RANGE_LOOP_ANALYSIS = YES;
				CLANG_WARN_STRICT_PROTOTYPES = YES;
				CLANG_WARN_SUSPICIOUS_MOVE = YES;
				CLANG_WARN_UNGUARDED_AVAILABILITY = YES_AGGRESSIVE;
				CLANG_WARN_UNREACHABLE_CODE = YES;
				CLANG_WARN__DUPLICATE_METHOD_MATCH = YES;
				COPY_PHASE_STRIP = NO;
				DEBUG_INFORMATION_FORMAT = dwarf;
				ENABLE_STRICT_OBJC_MSGSEND = YES;
				ENABLE_TESTABILITY = YES;
				ENABLE_USER_SCRIPT_SANDBOXING = YES;
				GCC_C_LANGUAGE_STANDARD = gnu17;
				GCC_DYNAMIC_NO_PIC = NO;
				GCC_NO_COMMON_BLOCKS = YES;
				GCC_OPTIMIZATION_LEVEL = 0;
				GCC_PREPROCESSOR_DEFINITIONS = (
					"DEBUG=1",
					"$(inherited)",
				);
				GCC_WARN_64_TO_32_BIT_CONVERSION = YES;
				GCC_WARN_ABOUT_RETURN_TYPE = YES_ERROR;
				GCC_WARN_UNDECLARED_SELECTOR = YES;
				GCC_WARN_UNINITIALIZED_AUTOS = YES_AGGRESSIVE;
				GCC_WARN_UNUSED_FUNCTION = YES;
				GCC_WARN_UNUSED_VARIABLE = YES;
				IPHONEOS_DEPLOYMENT_TARGET = 17.0;
				LOCALIZATION_PREFERS_STRING_CATALOGS = YES;
				MTL_ENABLE_DEBUG_INFO = INCLUDE_SOURCE;
				MTL_FAST_MATH = YES;
				ONLY_ACTIVE_ARCH = YES;
				SDKROOT = iphoneos;
				SWIFT_ACTIVE_COMPILATION_CONDITIONS = "DEBUG $(inherited)";
				SWIFT_OPTIMIZATION_LEVEL = "-Onone";
			};
			name = Debug;
		};
		4FE5A25B2B9116FD00469D66 /* Release */ = {
			isa = XCBuildConfiguration;
			buildSettings = {
				ALWAYS_SEARCH_USER_PATHS = NO;
				ASSETCATALOG_COMPILER_GENERATE_SWIFT_ASSET_SYMBOL_EXTENSIONS = YES;
				CLANG_ANALYZER_NONNULL = YES;
				CLANG_ANALYZER_NUMBER_OBJECT_CONVERSION = YES_AGGRESSIVE;
				CLANG_CXX_LANGUAGE_STANDARD = "gnu++20";
				CLANG_ENABLE_MODULES = YES;
				CLANG_ENABLE_OBJC_ARC = YES;
				CLANG_ENABLE_OBJC_WEAK = YES;
				CLANG_WARN_BLOCK_CAPTURE_AUTORELEASING = YES;
				CLANG_WARN_BOOL_CONVERSION = YES;
				CLANG_WARN_COMMA = YES;
				CLANG_WARN_CONSTANT_CONVERSION = YES;
				CLANG_WARN_DEPRECATED_OBJC_IMPLEMENTATIONS = YES;
				CLANG_WARN_DIRECT_OBJC_ISA_USAGE = YES_ERROR;
				CLANG_WARN_DOCUMENTATION_COMMENTS = YES;
				CLANG_WARN_EMPTY_BODY = YES;
				CLANG_WARN_ENUM_CONVERSION = YES;
				CLANG_WARN_INFINITE_RECURSION = YES;
				CLANG_WARN_INT_CONVERSION = YES;
				CLANG_WARN_NON_LITERAL_NULL_CONVERSION = YES;
				CLANG_WARN_OBJC_IMPLICIT_RETAIN_SELF = YES;
				CLANG_WARN_OBJC_LITERAL_CONVERSION = YES;
				CLANG_WARN_OBJC_ROOT_CLASS = YES_ERROR;
				CLANG_WARN_QUOTED_INCLUDE_IN_FRAMEWORK_HEADER = YES;
				CLANG_WARN_RANGE_LOOP_ANALYSIS = YES;
				CLANG_WARN_STRICT_PROTOTYPES = YES;
				CLANG_WARN_SUSPICIOUS_MOVE = YES;
				CLANG_WARN_UNGUARDED_AVAILABILITY = YES_AGGRESSIVE;
				CLANG_WARN_UNREACHABLE_CODE = YES;
				CLANG_WARN__DUPLICATE_METHOD_MATCH = YES;
				COPY_PHASE_STRIP = NO;
				DEBUG_INFORMATION_FORMAT = "dwarf-with-dsym";
				ENABLE_NS_ASSERTIONS = NO;
				ENABLE_STRICT_OBJC_MSGSEND = YES;
				ENABLE_USER_SCRIPT_SANDBOXING = YES;
				GCC_C_LANGUAGE_STANDARD = gnu17;
				GCC_NO_COMMON_BLOCKS = YES;
				GCC_WARN_64_TO_32_BIT_CONVERSION = YES;
				GCC_WARN_ABOUT_RETURN_TYPE = YES_ERROR;
				GCC_WARN_UNDECLARED_SELECTOR = YES;
				GCC_WARN_UNINITIALIZED_AUTOS = YES_AGGRESSIVE;
				GCC_WARN_UNUSED_FUNCTION = YES;
				GCC_WARN_UNUSED_VARIABLE = YES;
				IPHONEOS_DEPLOYMENT_TARGET = 17.0;
				LOCALIZATION_PREFERS_STRING_CATALOGS = YES;
				MTL_ENABLE_DEBUG_INFO = NO;
				MTL_FAST_MATH = YES;
				SDKROOT = iphoneos;
				SWIFT_COMPILATION_MODE = wholemodule;
				VALIDATE_PRODUCT = YES;
			};
			name = Release;
		};
		4FE5A25D2B9116FD00469D66 /* Debug */ = {
			isa = XCBuildConfiguration;
			buildSettings = {
				ASSETCATALOG_COMPILER_APPICON_NAME = AppIcon;
				ASSETCATALOG_COMPILER_GLOBAL_ACCENT_COLOR_NAME = AccentColor;
				CODE_SIGN_STYLE = Automatic;
				CURRENT_PROJECT_VERSION = 1;
				DEVELOPMENT_TEAM = TX9R26AVUZ;
				GENERATE_INFOPLIST_FILE = YES;
				INFOPLIST_FILE = QuandooTask/Info.plist;
				INFOPLIST_KEY_UIApplicationSupportsIndirectInputEvents = YES;
				INFOPLIST_KEY_UILaunchStoryboardName = LaunchScreen;
				INFOPLIST_KEY_UIMainStoryboardFile = Main;
				INFOPLIST_KEY_UISupportedInterfaceOrientations_iPad = "UIInterfaceOrientationPortrait UIInterfaceOrientationPortraitUpsideDown UIInterfaceOrientationLandscapeLeft UIInterfaceOrientationLandscapeRight";
				INFOPLIST_KEY_UISupportedInterfaceOrientations_iPhone = "UIInterfaceOrientationPortrait UIInterfaceOrientationLandscapeLeft UIInterfaceOrientationLandscapeRight";
				LD_RUNPATH_SEARCH_PATHS = (
					"$(inherited)",
					"@executable_path/Frameworks",
				);
				MARKETING_VERSION = 1.0;
				PRODUCT_BUNDLE_IDENTIFIER = com.quan.dnl.QuandooTask;
				PRODUCT_NAME = "$(TARGET_NAME)";
				SWIFT_EMIT_LOC_STRINGS = YES;
				SWIFT_VERSION = 5.0;
				TARGETED_DEVICE_FAMILY = "1,2";
			};
			name = Debug;
		};
		4FE5A25E2B9116FD00469D66 /* Release */ = {
			isa = XCBuildConfiguration;
			buildSettings = {
				ASSETCATALOG_COMPILER_APPICON_NAME = AppIcon;
				ASSETCATALOG_COMPILER_GLOBAL_ACCENT_COLOR_NAME = AccentColor;
				CODE_SIGN_STYLE = Automatic;
				CURRENT_PROJECT_VERSION = 1;
				DEVELOPMENT_TEAM = TX9R26AVUZ;
				GENERATE_INFOPLIST_FILE = YES;
				INFOPLIST_FILE = QuandooTask/Info.plist;
				INFOPLIST_KEY_UIApplicationSupportsIndirectInputEvents = YES;
				INFOPLIST_KEY_UILaunchStoryboardName = LaunchScreen;
				INFOPLIST_KEY_UIMainStoryboardFile = Main;
				INFOPLIST_KEY_UISupportedInterfaceOrientations_iPad = "UIInterfaceOrientationPortrait UIInterfaceOrientationPortraitUpsideDown UIInterfaceOrientationLandscapeLeft UIInterfaceOrientationLandscapeRight";
				INFOPLIST_KEY_UISupportedInterfaceOrientations_iPhone = "UIInterfaceOrientationPortrait UIInterfaceOrientationLandscapeLeft UIInterfaceOrientationLandscapeRight";
				LD_RUNPATH_SEARCH_PATHS = (
					"$(inherited)",
					"@executable_path/Frameworks",
				);
				MARKETING_VERSION = 1.0;
				PRODUCT_BUNDLE_IDENTIFIER = com.quan.dnl.QuandooTask;
				PRODUCT_NAME = "$(TARGET_NAME)";
				SWIFT_EMIT_LOC_STRINGS = YES;
				SWIFT_VERSION = 5.0;
				TARGETED_DEVICE_FAMILY = "1,2";
			};
			name = Release;
		};
		4FE5A2602B9116FD00469D66 /* Debug */ = {
			isa = XCBuildConfiguration;
			buildSettings = {
				ALWAYS_EMBED_SWIFT_STANDARD_LIBRARIES = YES;
				BUNDLE_LOADER = "$(TEST_HOST)";
				CODE_SIGN_STYLE = Automatic;
				CURRENT_PROJECT_VERSION = 1;
				DEVELOPMENT_TEAM = TX9R26AVUZ;
				GENERATE_INFOPLIST_FILE = YES;
				IPHONEOS_DEPLOYMENT_TARGET = 17.0;
				MARKETING_VERSION = 1.0;
				PRODUCT_BUNDLE_IDENTIFIER = com.quan.dnl.QuandooTaskTests;
				PRODUCT_NAME = "$(TARGET_NAME)";
				SWIFT_EMIT_LOC_STRINGS = NO;
				SWIFT_VERSION = 5.0;
				TARGETED_DEVICE_FAMILY = "1,2";
				TEST_HOST = "$(BUILT_PRODUCTS_DIR)/QuandooTask.app/$(BUNDLE_EXECUTABLE_FOLDER_PATH)/QuandooTask";
			};
			name = Debug;
		};
		4FE5A2612B9116FD00469D66 /* Release */ = {
			isa = XCBuildConfiguration;
			buildSettings = {
				ALWAYS_EMBED_SWIFT_STANDARD_LIBRARIES = YES;
				BUNDLE_LOADER = "$(TEST_HOST)";
				CODE_SIGN_STYLE = Automatic;
				CURRENT_PROJECT_VERSION = 1;
				DEVELOPMENT_TEAM = TX9R26AVUZ;
				GENERATE_INFOPLIST_FILE = YES;
				IPHONEOS_DEPLOYMENT_TARGET = 17.0;
				MARKETING_VERSION = 1.0;
				PRODUCT_BUNDLE_IDENTIFIER = com.quan.dnl.QuandooTaskTests;
				PRODUCT_NAME = "$(TARGET_NAME)";
				SWIFT_EMIT_LOC_STRINGS = NO;
				SWIFT_VERSION = 5.0;
				TARGETED_DEVICE_FAMILY = "1,2";
				TEST_HOST = "$(BUILT_PRODUCTS_DIR)/QuandooTask.app/$(BUNDLE_EXECUTABLE_FOLDER_PATH)/QuandooTask";
			};
			name = Release;
		};
		4FE5A2632B9116FD00469D66 /* Debug */ = {
			isa = XCBuildConfiguration;
			buildSettings = {
				ALWAYS_EMBED_SWIFT_STANDARD_LIBRARIES = YES;
				CODE_SIGN_STYLE = Automatic;
				CURRENT_PROJECT_VERSION = 1;
				DEVELOPMENT_TEAM = TX9R26AVUZ;
				GENERATE_INFOPLIST_FILE = YES;
				MARKETING_VERSION = 1.0;
				PRODUCT_BUNDLE_IDENTIFIER = com.quan.dnl.QuandooTaskUITests;
				PRODUCT_NAME = "$(TARGET_NAME)";
				SWIFT_EMIT_LOC_STRINGS = NO;
				SWIFT_VERSION = 5.0;
				TARGETED_DEVICE_FAMILY = "1,2";
				TEST_TARGET_NAME = QuandooTask;
			};
			name = Debug;
		};
		4FE5A2642B9116FD00469D66 /* Release */ = {
			isa = XCBuildConfiguration;
			buildSettings = {
				ALWAYS_EMBED_SWIFT_STANDARD_LIBRARIES = YES;
				CODE_SIGN_STYLE = Automatic;
				CURRENT_PROJECT_VERSION = 1;
				DEVELOPMENT_TEAM = TX9R26AVUZ;
				GENERATE_INFOPLIST_FILE = YES;
				MARKETING_VERSION = 1.0;
				PRODUCT_BUNDLE_IDENTIFIER = com.quan.dnl.QuandooTaskUITests;
				PRODUCT_NAME = "$(TARGET_NAME)";
				SWIFT_EMIT_LOC_STRINGS = NO;
				SWIFT_VERSION = 5.0;
				TARGETED_DEVICE_FAMILY = "1,2";
				TEST_TARGET_NAME = QuandooTask;
			};
			name = Release;
		};
/* End XCBuildConfiguration section */

/* Begin XCConfigurationList section */
		4FE5A22D2B9116FB00469D66 /* Build configuration list for PBXProject "QuandooTask" */ = {
			isa = XCConfigurationList;
			buildConfigurations = (
				4FE5A25A2B9116FD00469D66 /* Debug */,
				4FE5A25B2B9116FD00469D66 /* Release */,
			);
			defaultConfigurationIsVisible = 0;
			defaultConfigurationName = Release;
		};
		4FE5A25C2B9116FD00469D66 /* Build configuration list for PBXNativeTarget "QuandooTask" */ = {
			isa = XCConfigurationList;
			buildConfigurations = (
				4FE5A25D2B9116FD00469D66 /* Debug */,
				4FE5A25E2B9116FD00469D66 /* Release */,
			);
			defaultConfigurationIsVisible = 0;
			defaultConfigurationName = Release;
		};
		4FE5A25F2B9116FD00469D66 /* Build configuration list for PBXNativeTarget "QuandooTaskTests" */ = {
			isa = XCConfigurationList;
			buildConfigurations = (
				4FE5A2602B9116FD00469D66 /* Debug */,
				4FE5A2612B9116FD00469D66 /* Release */,
			);
			defaultConfigurationIsVisible = 0;
			defaultConfigurationName = Release;
		};
		4FE5A2622B9116FD00469D66 /* Build configuration list for PBXNativeTarget "QuandooTaskUITests" */ = {
			isa = XCConfigurationList;
			buildConfigurations = (
				4FE5A2632B9116FD00469D66 /* Debug */,
				4FE5A2642B9116FD00469D66 /* Release */,
			);
			defaultConfigurationIsVisible = 0;
			defaultConfigurationName = Release;
		};
/* End XCConfigurationList section */
	};
	rootObject = 4FE5A22A2B9116FB00469D66 /* Project object */;
}
